
Microsoft Visual Studio Solution File, Format Version 12.00
# Visual Studio Version 16
VisualStudioVersion = 16.0.30204.135
MinimumVisualStudioVersion = 10.0.40219.1
Project("{FAE04EC0-301F-11D3-BF4B-00C04F79EFBC}") = "WYSTrainer", "WYSTrainer.csproj", "{7FA9962C-63F6-40EC-8350-43D2F22B1C75}"
EndProject
Global
	GlobalSection(SolutionConfigurationPlatforms) = preSolution
		Debug|Any CPU = Debug|Any CPU
		Debug|x86 = Debug|x86
		Release|Any CPU = Release|Any CPU
		Release|x86 = Release|x86
	EndGlobalSection
	GlobalSection(ProjectConfigurationPlatforms) = postSolution
		{7FA9962C-63F6-40EC-8350-43D2F22B1C75}.Debug|Any CPU.ActiveCfg = Debug|Any CPU
		{7FA9962C-63F6-40EC-8350-43D2F22B1C75}.Debug|Any CPU.Build.0 = Debug|Any CPU
		{7FA9962C-63F6-40EC-8350-43D2F22B1C75}.Debug|x86.ActiveCfg = Debug|x86
		{7FA9962C-63F6-40EC-8350-43D2F22B1C75}.Debug|x86.Build.0 = Debug|x86
		{7FA9962C-63F6-40EC-8350-43D2F22B1C75}.Release|Any CPU.ActiveCfg = Release|Any CPU
		{7FA9962C-63F6-40EC-8350-43D2F22B1C75}.Release|Any CPU.Build.0 = Release|Any CPU
		{7FA9962C-63F6-40EC-8350-43D2F22B1C75}.Release|x86.ActiveCfg = Release|x86
		{7FA9962C-63F6-40EC-8350-43D2F22B1C75}.Release|x86.Build.0 = Release|x86
	EndGlobalSection
	GlobalSection(SolutionProperties) = preSolution
		HideSolutionNode = FALSE
	EndGlobalSection
	GlobalSection(ExtensibilityGlobals) = postSolution
		SolutionGuid = {2B2FC789-86CA-44D8-8235-E94688356221}
	EndGlobalSection
EndGlobal
